
Microsoft Visual Studio Solution File, Format Version 12.00
# Visual Studio Version 17
VisualStudioVersion = 17.11.35219.272
MinimumVisualStudioVersion = 10.0.40219.1
Project("{9A19103F-16F7-4668-BE54-9A1E7A4F7556}") = "TiktokLiveRec.WPF", "src\TiktokLiveRec.WPF\TiktokLiveRec.WPF.csproj", "{5642C581-F105-41C4-9FB7-3F4BC7CBF6B1}"
EndProject
Project("{FAE04EC0-301F-11D3-BF4B-00C04F79EFBC}") = "TiktokLiveRec.Avalonia", "src\TiktokLiveRec.Avalonia\TiktokLiveRec.Avalonia.csproj", "{880A6A31-3BC7-444C-A71B-0851F3D265B3}"
EndProject
Project("{FAE04EC0-301F-11D3-BF4B-00C04F79EFBC}") = "FluentAvaloniaUI.Violeta", "src\FluentAvaloniaUI.Violeta\FluentAvaloniaUI.Violeta.csproj", "{5238F94C-DB28-47B4-A5E8-4406478CC0C2}"
EndProject
Global
	GlobalSection(SolutionConfigurationPlatforms) = preSolution
		Debug|Any CPU = Debug|Any CPU
		Debug|x64 = Debug|x64
		Release|Any CPU = Release|Any CPU
		Release|x64 = Release|x64
	EndGlobalSection
	GlobalSection(ProjectConfigurationPlatforms) = postSolution
		{5642C581-F105-41C4-9FB7-3F4BC7CBF6B1}.Debug|Any CPU.ActiveCfg = Debug|x64
		{5642C581-F105-41C4-9FB7-3F4BC7CBF6B1}.Debug|Any CPU.Build.0 = Debug|x64
		{5642C581-F105-41C4-9FB7-3F4BC7CBF6B1}.Debug|x64.ActiveCfg = Debug|x64
		{5642C581-F105-41C4-9FB7-3F4BC7CBF6B1}.Debug|x64.Build.0 = Debug|x64
		{5642C581-F105-41C4-9FB7-3F4BC7CBF6B1}.Release|Any CPU.ActiveCfg = Release|x64
		{5642C581-F105-41C4-9FB7-3F4BC7CBF6B1}.Release|Any CPU.Build.0 = Release|x64
		{5642C581-F105-41C4-9FB7-3F4BC7CBF6B1}.Release|x64.ActiveCfg = Release|x64
		{5642C581-F105-41C4-9FB7-3F4BC7CBF6B1}.Release|x64.Build.0 = Release|x64
		{880A6A31-3BC7-444C-A71B-0851F3D265B3}.Debug|Any CPU.ActiveCfg = Debug|Any CPU
		{880A6A31-3BC7-444C-A71B-0851F3D265B3}.Debug|Any CPU.Build.0 = Debug|Any CPU
		{880A6A31-3BC7-444C-A71B-0851F3D265B3}.Debug|x64.ActiveCfg = Debug|Any CPU
		{880A6A31-3BC7-444C-A71B-0851F3D265B3}.Debug|x64.Build.0 = Debug|Any CPU
		{880A6A31-3BC7-444C-A71B-0851F3D265B3}.Release|Any CPU.ActiveCfg = Release|Any CPU
		{880A6A31-3BC7-444C-A71B-0851F3D265B3}.Release|Any CPU.Build.0 = Release|Any CPU
		{880A6A31-3BC7-444C-A71B-0851F3D265B3}.Release|x64.ActiveCfg = Release|Any CPU
		{880A6A31-3BC7-444C-A71B-0851F3D265B3}.Release|x64.Build.0 = Release|Any CPU
		{5238F94C-DB28-47B4-A5E8-4406478CC0C2}.Debug|Any CPU.ActiveCfg = Debug|Any CPU
		{5238F94C-DB28-47B4-A5E8-4406478CC0C2}.Debug|Any CPU.Build.0 = Debug|Any CPU
		{5238F94C-DB28-47B4-A5E8-4406478CC0C2}.Debug|x64.ActiveCfg = Debug|Any CPU
		{5238F94C-DB28-47B4-A5E8-4406478CC0C2}.Debug|x64.Build.0 = Debug|Any CPU
		{5238F94C-DB28-47B4-A5E8-4406478CC0C2}.Release|Any CPU.ActiveCfg = Release|Any CPU
		{5238F94C-DB28-47B4-A5E8-4406478CC0C2}.Release|Any CPU.Build.0 = Release|Any CPU
		{5238F94C-DB28-47B4-A5E8-4406478CC0C2}.Release|x64.ActiveCfg = Release|Any CPU
		{5238F94C-DB28-47B4-A5E8-4406478CC0C2}.Release|x64.Build.0 = Release|Any CPU
	EndGlobalSection
	GlobalSection(SolutionProperties) = preSolution
		HideSolutionNode = FALSE
	EndGlobalSection
	GlobalSection(ExtensibilityGlobals) = postSolution
		SolutionGuid = {26AED16E-0614-4F53-B1E5-8ACB6CDC2F2C}
	EndGlobalSection
EndGlobal
